{
  "nodes": {
    "agents-nix": {
      "inputs": {
        "nixpkgs": "nixpkgs"
      },
      "locked": {
        "lastModified": 1788522618,
        "narHash": "sha256-8wacl3O4hZbyGl1BSWtPk0JCMBVowH0T5bS/5RHZoQM=",
        "owner": "hcbt",
        "repo": "agents-nix",
        "rev": "47f9294b2f526521bce9886fb18d12305b9267b5",
        "type": "github"
      },
      "original": {
        "owner": "hcbt",
        "repo": "agents-nix",
        "type": "github"
      }
    },
    "devenv": {
      "locked": {
        "dir": "src/modules",
        "lastModified": 1788402531,
        "narHash": "sha256-vkKkue371vWQIKJBbVM/QTk6XU65PKJ+q39Q6+OKIVk=",
        "owner": "cachix",
        "repo": "devenv",
        "rev": "30058c52e5b8d7ed7ba4d8e7c793c7726aa7b9a0",
        "type": "github"
      },
      "original": {
        "dir": "src/modules",
        "owner": "cachix",
        "repo": "devenv",
        "type": "github"
      }
    },
    "nixpkgs": {
      "locked": {
        "lastModified": 1788372231,
        "narHash": "sha256-7aqErvrAEz/5OcPA5p3M+tVOqeYc4oJXkNIPXfCqxAw=",
        "owner": "NixOS",
        "repo": "nixpkgs",
        "rev": "9387b3fcc0c23c86661636da63faabad4235a0a6",
        "type": "github"
      },
      "original": {
        "owner": "NixOS",
        "ref": "nixpkgs-unstable",
        "repo": "nixpkgs",
        "type": "github"
      }
    },
    "nixpkgs-src": {
      "flake": false,
      "locked": {
        "lastModified": 1787394516,
        "narHash": "sha256-pRGOQSClnXNI2iLUG6DYpsGvYcuw0drOutVZFTJNw90=",
        "owner": "NixOS",
        "repo": "nixpkgs",
        "rev": "c8f90650c15282fa8656a041bfbbd2403997a9a7",
        "type": "github"
      },
      "original": {
        "owner": "NixOS",
        "ref": "nixpkgs-unstable",
        "repo": "nixpkgs",
        "type": "github"
      }
    },
    "nixpkgs_2": {
      "inputs": {
        "nixpkgs-src": "nixpkgs-src"
      },
      "locked": {
        "lastModified": 1787753358,
        "narHash": "sha256-Tl77VbWyAKrOfRNQhL6JbQtb/MLzbYa/1RG1gWWfICk=",
        "owner": "cachix",
        "repo": "devenv-nixpkgs",
        "rev": "256551e45f6303e142ab4a98be1bf243feb77dc0",
        "type": "github"
      },
      "original": {
        "owner": "cachix",
        "ref": "rolling",
        "repo": "devenv-nixpkgs",
        "type": "github"
      }
    },
    "psxdecomp": {
      "flake": false,
      "locked": {
        "lastModified": 1788609759,
        "narHash": "sha256-5WMua+w0vbn142E6E45+Dc0GvplnD6YM4InG14EukqM=",
        "owner": "hcbt",
        "repo": "psxdecomp",
        "rev": "337ea0eda28101cbd70f5e300c0bba9af75aec82",
        "type": "github"
      },
      "original": {
        "owner": "hcbt",
        "repo": "psxdecomp",
        "type": "github"
      }
    },
    "root": {
      "inputs": {
        "agents-nix": "agents-nix",
        "devenv": "devenv",
        "nixpkgs": "nixpkgs_2",
        "psxdecomp": "psxdecomp"
      }
    }
  },
  "root": "root",
  "version": 7
}